
Microsoft Visual Studio Solution File, Format Version 12.00
# Visual Studio Version 17
VisualStudioVersion = 17.4.33213.308
MinimumVisualStudioVersion = 10.0.40219.1
Project("{FAE04EC0-301F-11D3-BF4B-00C04F79EFBC}") = "TheCalculator", "TheCalculator\TheCalculator.csproj", "{4E232FCF-D496-4F03-BC1D-3AA01D6A4948}"
EndProject
Global
	GlobalSection(SolutionConfigurationPlatforms) = preSolution
		Debug|Any CPU = Debug|Any CPU
		Release|Any CPU = Release|Any CPU
	EndGlobalSection
	GlobalSection(ProjectConfigurationPlatforms) = postSolution
		{4E232FCF-D496-4F03-BC1D-3AA01D6A4948}.Debug|Any CPU.ActiveCfg = Debug|Any CPU
		{4E232FCF-D496-4F03-BC1D-3AA01D6A4948}.Debug|Any CPU.Build.0 = Debug|Any CPU
		{4E232FCF-D496-4F03-BC1D-3AA01D6A4948}.Release|Any CPU.ActiveCfg = Release|Any CPU
		{4E232FCF-D496-4F03-BC1D-3AA01D6A4948}.Release|Any CPU.Build.0 = Release|Any CPU
	EndGlobalSection
	GlobalSection(SolutionProperties) = preSolution
		HideSolutionNode = FALSE
	EndGlobalSection
	GlobalSection(ExtensibilityGlobals) = postSolution
		SolutionGuid = {5CA900C3-4E16-4714-8C68-EA2DE83498B1}
	EndGlobalSection
EndGlobal
